
Microsoft Visual Studio Solution File, Format Version 12.00
# Visual Studio Version 17
VisualStudioVersion = 17.10.35013.160
MinimumVisualStudioVersion = 10.0.40219.1
Project("{2150E333-8FDC-42A3-9474-1A3956D46DE8}") = "Solution Items", "Solution Items", "{30863B6E-A9E0-416B-8C22-14B305C4F195}"
	ProjectSection(SolutionItems) = preProject
		.editorconfig = .editorconfig
		.gitignore = .gitignore
		LICENSE = LICENSE
		README.md = README.md
	EndProjectSection
EndProject
Project("{2150E333-8FDC-42A3-9474-1A3956D46DE8}") = "src", "src", "{8CCCCD97-3137-42E3-A3FB-0E9A25D9DD62}"
EndProject
Project("{FAE04EC0-301F-11D3-BF4B-00C04F79EFBC}") = "20_Valid_Parentheses", "src\20_Valid_Parentheses\20_Valid_Parentheses.csproj", "{273D86C6-C9E8-44E8-B529-59948D9939D6}"
EndProject
Project("{FAE04EC0-301F-11D3-BF4B-00C04F79EFBC}") = "13_Roman_to_Integer", "src\13_Roman_to_Integer\13_Roman_to_Integer.csproj", "{91E3FD02-20CC-4ED1-919C-64C1661F31F3}"
EndProject
Project("{FAE04EC0-301F-11D3-BF4B-00C04F79EFBC}") = "1523_Count_Odd_Numbers_in_an_Interval_Range", "src\1523_Count_Odd_Numbers_in_an_Interval_Range\1523_Count_Odd_Numbers_in_an_Interval_Range.csproj", "{938AE717-F681-4EB2-BE79-61F2561E5329}"
EndProject
Project("{FAE04EC0-301F-11D3-BF4B-00C04F79EFBC}") = "1_Two_Sum", "src\1_Two_Sum\1_Two_Sum.csproj", "{CAD99B67-739C-44AA-B813-956E4597CA71}"
EndProject
Project("{FAE04EC0-301F-11D3-BF4B-00C04F79EFBC}") = "35_Search_Insert_Position", "src\35_Search_Insert_Position\35_Search_Insert_Position.csproj", "{E532F251-A0E1-4628-9C9F-EA86447E749C}"
EndProject
Global
	GlobalSection(SolutionConfigurationPlatforms) = preSolution
		Debug|Any CPU = Debug|Any CPU
		Release|Any CPU = Release|Any CPU
	EndGlobalSection
	GlobalSection(ProjectConfigurationPlatforms) = postSolution
		{273D86C6-C9E8-44E8-B529-59948D9939D6}.Debug|Any CPU.ActiveCfg = Debug|Any CPU
		{273D86C6-C9E8-44E8-B529-59948D9939D6}.Debug|Any CPU.Build.0 = Debug|Any CPU
		{273D86C6-C9E8-44E8-B529-59948D9939D6}.Release|Any CPU.ActiveCfg = Release|Any CPU
		{273D86C6-C9E8-44E8-B529-59948D9939D6}.Release|Any CPU.Build.0 = Release|Any CPU
		{91E3FD02-20CC-4ED1-919C-64C1661F31F3}.Debug|Any CPU.ActiveCfg = Debug|Any CPU
		{91E3FD02-20CC-4ED1-919C-64C1661F31F3}.Debug|Any CPU.Build.0 = Debug|Any CPU
		{91E3FD02-20CC-4ED1-919C-64C1661F31F3}.Release|Any CPU.ActiveCfg = Release|Any CPU
		{91E3FD02-20CC-4ED1-919C-64C1661F31F3}.Release|Any CPU.Build.0 = Release|Any CPU
		{938AE717-F681-4EB2-BE79-61F2561E5329}.Debug|Any CPU.ActiveCfg = Debug|Any CPU
		{938AE717-F681-4EB2-BE79-61F2561E5329}.Debug|Any CPU.Build.0 = Debug|Any CPU
		{938AE717-F681-4EB2-BE79-61F2561E5329}.Release|Any CPU.ActiveCfg = Release|Any CPU
		{938AE717-F681-4EB2-BE79-61F2561E5329}.Release|Any CPU.Build.0 = Release|Any CPU
		{CAD99B67-739C-44AA-B813-956E4597CA71}.Debug|Any CPU.ActiveCfg = Debug|Any CPU
		{CAD99B67-739C-44AA-B813-956E4597CA71}.Debug|Any CPU.Build.0 = Debug|Any CPU
		{CAD99B67-739C-44AA-B813-956E4597CA71}.Release|Any CPU.ActiveCfg = Release|Any CPU
		{CAD99B67-739C-44AA-B813-956E4597CA71}.Release|Any CPU.Build.0 = Release|Any CPU
		{E532F251-A0E1-4628-9C9F-EA86447E749C}.Debug|Any CPU.ActiveCfg = Debug|Any CPU
		{E532F251-A0E1-4628-9C9F-EA86447E749C}.Debug|Any CPU.Build.0 = Debug|Any CPU
		{E532F251-A0E1-4628-9C9F-EA86447E749C}.Release|Any CPU.ActiveCfg = Release|Any CPU
		{E532F251-A0E1-4628-9C9F-EA86447E749C}.Release|Any CPU.Build.0 = Release|Any CPU
	EndGlobalSection
	GlobalSection(SolutionProperties) = preSolution
		HideSolutionNode = FALSE
	EndGlobalSection
	GlobalSection(NestedProjects) = preSolution
		{273D86C6-C9E8-44E8-B529-59948D9939D6} = {8CCCCD97-3137-42E3-A3FB-0E9A25D9DD62}
		{91E3FD02-20CC-4ED1-919C-64C1661F31F3} = {8CCCCD97-3137-42E3-A3FB-0E9A25D9DD62}
		{938AE717-F681-4EB2-BE79-61F2561E5329} = {8CCCCD97-3137-42E3-A3FB-0E9A25D9DD62}
		{CAD99B67-739C-44AA-B813-956E4597CA71} = {8CCCCD97-3137-42E3-A3FB-0E9A25D9DD62}
		{E532F251-A0E1-4628-9C9F-EA86447E749C} = {8CCCCD97-3137-42E3-A3FB-0E9A25D9DD62}
	EndGlobalSection
	GlobalSection(ExtensibilityGlobals) = postSolution
		SolutionGuid = {443FD98D-B327-4404-A3C2-321E016CC040}
	EndGlobalSection
EndGlobal
